
Microsoft Visual Studio Solution File, Format Version 12.00
# Visual Studio 15
VisualStudioVersion = 15.0.27130.2036
MinimumVisualStudioVersion = 10.0.40219.1
Project("{FAE04EC0-301F-11D3-BF4B-00C04F79EFBC}") = "Settings", "Settings\Settings.csproj", "{0AE8B70D-D7F8-481E-9352-73AE2723B50C}"
EndProject
Global
	GlobalSection(SolutionConfigurationPlatforms) = preSolution
		Debug|Any CPU = Debug|Any CPU
		Release|Any CPU = Release|Any CPU
	EndGlobalSection
	GlobalSection(ProjectConfigurationPlatforms) = postSolution
		{0AE8B70D-D7F8-481E-9352-73AE2723B50C}.Debug|Any CPU.ActiveCfg = Debug|Any CPU
		{0AE8B70D-D7F8-481E-9352-73AE2723B50C}.Debug|Any CPU.Build.0 = Debug|Any CPU
		{0AE8B70D-D7F8-481E-9352-73AE2723B50C}.Debug|Any CPU.Deploy.0 = Debug|Any CPU
		{0AE8B70D-D7F8-481E-9352-73AE2723B50C}.Release|Any CPU.ActiveCfg = Release|Any CPU
		{0AE8B70D-D7F8-481E-9352-73AE2723B50C}.Release|Any CPU.Build.0 = Release|Any CPU
		{0AE8B70D-D7F8-481E-9352-73AE2723B50C}.Release|Any CPU.Deploy.0 = Release|Any CPU
	EndGlobalSection
	GlobalSection(SolutionProperties) = preSolution
		HideSolutionNode = FALSE
	EndGlobalSection
	GlobalSection(ExtensibilityGlobals) = postSolution
		SolutionGuid = {47ED04AD-CC11-4E15-8DB2-7CD5FC078E66}
	EndGlobalSection
EndGlobal
